PODS:
  - AmazonIVSBroadcast/Stages (1.11.0)

DEPENDENCIES:
  - AmazonIVSBroadcast/Stages (~> 1.11.0)

SPEC REPOS:
  trunk:
    - AmazonIVSBroadcast

SPEC CHECKSUMS:
  AmazonIVSBroadcast: d20aaeba4913678b703bcac67992ae3dd34ba08e

PODFILE CHECKSUM: 3d5591ae1993e44349efab1b4b40ae377de7fcea

COCOAPODS: 1.12.1
