PODS:
  - AmazonIVSBroadcast/Stages (1.38.0)

DEPENDENCIES:
  - AmazonIVSBroadcast/Stages (= 1.38.0)

SPEC REPOS:
  trunk:
    - AmazonIVSBroadcast

SPEC CHECKSUMS:
  AmazonIVSBroadcast: 9cc88f9ef1360e8fad354f9372df0aa6b820d564

PODFILE CHECKSUM: a131b39364b3610f90401574ee98de783ac45c95

COCOAPODS: 1.16.2
