PODS:
  - AmazonIVSBroadcast/Stages (1.32.1)

DEPENDENCIES:
  - AmazonIVSBroadcast/Stages (= 1.32.1)

SPEC REPOS:
  trunk:
    - AmazonIVSBroadcast

SPEC CHECKSUMS:
  AmazonIVSBroadcast: 117279d6f056b8d316d5bafb61569315dd6ded53

PODFILE CHECKSUM: 0af005a8d9f8beea3e848f8be58c410500cb7a51

COCOAPODS: 1.16.2
